
Microsoft Visual Studio Solution File, Format Version 12.00
# Visual Studio Version 17
VisualStudioVersion = 17.11.35312.102
MinimumVisualStudioVersion = 10.0.40219.1
Project("{9A19103F-16F7-4668-BE54-9A1E7A4F7556}") = "PMSWeb", "PMSWeb\PMSWeb.csproj", "{A977F196-F67D-4C46-BF2D-9F6F356F9DA2}"
EndProject
Project("{9A19103F-16F7-4668-BE54-9A1E7A4F7556}") = "PMS.Data", "PMS.Data\PMS.Data.csproj", "{0E80BBBB-2841-4E58-B5B5-F70B0623FA0B}"
EndProject
Project("{9A19103F-16F7-4668-BE54-9A1E7A4F7556}") = "PMS.Data.Models", "PMS.Data.Models\PMS.Data.Models.csproj", "{56A7DF54-8DC1-42E0-ACF4-E1B94AC73730}"
EndProject
Project("{9A19103F-16F7-4668-BE54-9A1E7A4F7556}") = "PMSWeb.Infrastructure", "PMSWeb.Infrastructure\PMSWeb.Infrastructure.csproj", "{06206785-4E4A-45F0-9971-7BF8FE3A2748}"
EndProject
Project("{9A19103F-16F7-4668-BE54-9A1E7A4F7556}") = "PMSWeb.ViewModels", "PMSWeb.ViewModels\PMSWeb.ViewModels.csproj", "{F3EF619C-C52C-4DF3-B4BB-4BF002FC2B7D}"
EndProject
Project("{2150E333-8FDC-42A3-9474-1A3956D46DE8}") = "WEB", "WEB", "{9266D84F-C077-4B73-8A0F-0C7C0B6925D3}"
EndProject
Project("{2150E333-8FDC-42A3-9474-1A3956D46DE8}") = "DATA", "DATA", "{CA919B51-880F-4D3A-B0AC-61930DAE7160}"
EndProject
Project("{2150E333-8FDC-42A3-9474-1A3956D46DE8}") = "COMMON", "COMMON", "{770EA234-1FD0-4CB0-AC08-29C287B8FD93}"
EndProject
Project("{FAE04EC0-301F-11D3-BF4B-00C04F79EFBC}") = "PMS.Common", "PMS.Common\PMS.Common.csproj", "{8741DA7F-FD79-4C74-87C1-6249820C606F}"
EndProject
Global
	GlobalSection(SolutionConfigurationPlatforms) = preSolution
		Debug|Any CPU = Debug|Any CPU
		Release|Any CPU = Release|Any CPU
	EndGlobalSection
	GlobalSection(ProjectConfigurationPlatforms) = postSolution
		{A977F196-F67D-4C46-BF2D-9F6F356F9DA2}.Debug|Any CPU.ActiveCfg = Debug|Any CPU
		{A977F196-F67D-4C46-BF2D-9F6F356F9DA2}.Debug|Any CPU.Build.0 = Debug|Any CPU
		{A977F196-F67D-4C46-BF2D-9F6F356F9DA2}.Release|Any CPU.ActiveCfg = Release|Any CPU
		{A977F196-F67D-4C46-BF2D-9F6F356F9DA2}.Release|Any CPU.Build.0 = Release|Any CPU
		{0E80BBBB-2841-4E58-B5B5-F70B0623FA0B}.Debug|Any CPU.ActiveCfg = Debug|Any CPU
		{0E80BBBB-2841-4E58-B5B5-F70B0623FA0B}.Debug|Any CPU.Build.0 = Debug|Any CPU
		{0E80BBBB-2841-4E58-B5B5-F70B0623FA0B}.Release|Any CPU.ActiveCfg = Release|Any CPU
		{0E80BBBB-2841-4E58-B5B5-F70B0623FA0B}.Release|Any CPU.Build.0 = Release|Any CPU
		{56A7DF54-8DC1-42E0-ACF4-E1B94AC73730}.Debug|Any CPU.ActiveCfg = Debug|Any CPU
		{56A7DF54-8DC1-42E0-ACF4-E1B94AC73730}.Debug|Any CPU.Build.0 = Debug|Any CPU
		{56A7DF54-8DC1-42E0-ACF4-E1B94AC73730}.Release|Any CPU.ActiveCfg = Release|Any CPU
		{56A7DF54-8DC1-42E0-ACF4-E1B94AC73730}.Release|Any CPU.Build.0 = Release|Any CPU
		{06206785-4E4A-45F0-9971-7BF8FE3A2748}.Debug|Any CPU.ActiveCfg = Debug|Any CPU
		{06206785-4E4A-45F0-9971-7BF8FE3A2748}.Debug|Any CPU.Build.0 = Debug|Any CPU
		{06206785-4E4A-45F0-9971-7BF8FE3A2748}.Release|Any CPU.ActiveCfg = Release|Any CPU
		{06206785-4E4A-45F0-9971-7BF8FE3A2748}.Release|Any CPU.Build.0 = Release|Any CPU
		{F3EF619C-C52C-4DF3-B4BB-4BF002FC2B7D}.Debug|Any CPU.ActiveCfg = Debug|Any CPU
		{F3EF619C-C52C-4DF3-B4BB-4BF002FC2B7D}.Debug|Any CPU.Build.0 = Debug|Any CPU
		{F3EF619C-C52C-4DF3-B4BB-4BF002FC2B7D}.Release|Any CPU.ActiveCfg = Release|Any CPU
		{F3EF619C-C52C-4DF3-B4BB-4BF002FC2B7D}.Release|Any CPU.Build.0 = Release|Any CPU
		{8741DA7F-FD79-4C74-87C1-6249820C606F}.Debug|Any CPU.ActiveCfg = Debug|Any CPU
		{8741DA7F-FD79-4C74-87C1-6249820C606F}.Debug|Any CPU.Build.0 = Debug|Any CPU
		{8741DA7F-FD79-4C74-87C1-6249820C606F}.Release|Any CPU.ActiveCfg = Release|Any CPU
		{8741DA7F-FD79-4C74-87C1-6249820C606F}.Release|Any CPU.Build.0 = Release|Any CPU
	EndGlobalSection
	GlobalSection(SolutionProperties) = preSolution
		HideSolutionNode = FALSE
	EndGlobalSection
	GlobalSection(NestedProjects) = preSolution
		{A977F196-F67D-4C46-BF2D-9F6F356F9DA2} = {9266D84F-C077-4B73-8A0F-0C7C0B6925D3}
		{0E80BBBB-2841-4E58-B5B5-F70B0623FA0B} = {CA919B51-880F-4D3A-B0AC-61930DAE7160}
		{56A7DF54-8DC1-42E0-ACF4-E1B94AC73730} = {CA919B51-880F-4D3A-B0AC-61930DAE7160}
		{06206785-4E4A-45F0-9971-7BF8FE3A2748} = {9266D84F-C077-4B73-8A0F-0C7C0B6925D3}
		{F3EF619C-C52C-4DF3-B4BB-4BF002FC2B7D} = {9266D84F-C077-4B73-8A0F-0C7C0B6925D3}
		{8741DA7F-FD79-4C74-87C1-6249820C606F} = {770EA234-1FD0-4CB0-AC08-29C287B8FD93}
	EndGlobalSection
	GlobalSection(ExtensibilityGlobals) = postSolution
		SolutionGuid = {487DE521-167B-435C-B9AA-EE2AB8487001}
	EndGlobalSection
EndGlobal
